<?xml version="1.0" encoding="utf-8"?>
<Project ToolsVersion="4.0" xmlns="http://schemas.microsoft.com/developer/msbuild/2003">
  <ItemGroup>
    <Filter Include="Source Files">
      <UniqueIdentifier>{4FC737F1-C7A5-4376-A066-2A32D752A2FF}</UniqueIdentifier>
      <Extensions>cpp;c;cc;cxx;c++;cppm;ixx;def;odl;idl;hpj;bat;asm;asmx</Extensions>
    </Filter>
    <Filter Include="Header Files">
      <UniqueIdentifier>{93995380-89BD-4b04-88EB-625FBE52EBFB}</UniqueIdentifier>
      <Extensions>h;hh;hpp;hxx;h++;hm;inl;inc;ipp;xsd</Extensions>
    </Filter>
    <Filter Include="Resource Files">
      <UniqueIdentifier>{67DA6AB6-F800-4c08-8B7A-83BB121AAD01}</UniqueIdentifier>
      <Extensions>rc;ico;cur;bmp;dlg;rc2;rct;bin;rgs;gif;jpg;jpeg;jpe;resx;tiff;tif;png;wav;mfcribbon-ms</Extensions>
    </Filter>
    <Filter Include="Header Files\hooks">
      <UniqueIdentifier>{316aa5a7-6d2d-48c3-8edf-184f397abc75}</UniqueIdentifier>
    </Filter>
    <Filter Include="Source Files\hooks">
      <UniqueIdentifier>{b3cb903e-99f0-4864-8671-948396664fee}</UniqueIdentifier>
    </Filter>
    <Filter Include="ImGui">
      <UniqueIdentifier>{29e47b82-efdd-45fc-9b50-b50458d753f6}</UniqueIdentifier>
    </Filter>
    <Filter Include="Header Files\utils">
      <UniqueIdentifier>{0d8a82e1-7b49-43be-9f4e-b51a4f225fc7}</UniqueIdentifier>
    </Filter>
    <Filter Include="Source Files\utils">
      <UniqueIdentifier>{ec409080-78fc-40c0-979d-b4f5e59ec77a}</UniqueIdentifier>
    </Filter>
    <Filter Include="SDK">
      <UniqueIdentifier>{8a029893-a154-4ef4-952a-943c1e329854}</UniqueIdentifier>
    </Filter>
  </ItemGroup>
  <ItemGroup>
    <ClCompile Include="dllmain.cpp">
      <Filter>Source Files</Filter>
    </ClCompile>
    <ClCompile Include="c_playerresource.cpp">
      <Filter>SDK</Filter>
    </ClCompile>
    <ClCompile Include="ImGui\imgui.cpp">
      <Filter>ImGui</Filter>
    </ClCompile>
    <ClCompile Include="ImGui\imgui_demo.cpp">
      <Filter>ImGui</Filter>
    </ClCompile>
    <ClCompile Include="ImGui\imgui_draw.cpp">
      <Filter>ImGui</Filter>
    </ClCompile>
    <ClCompile Include="ImGui\imgui_impl_dx9.cpp">
      <Filter>ImGui</Filter>
    </ClCompile>
    <ClCompile Include="ImGui\imgui_impl_win32.cpp">
      <Filter>ImGui</Filter>
    </ClCompile>
    <ClCompile Include="ImGui\imgui_tables.cpp">
      <Filter>ImGui</Filter>
    </ClCompile>
    <ClCompile Include="ImGui\imgui_widgets.cpp">
      <Filter>ImGui</Filter>
    </ClCompile>
    <ClCompile Include="endscene.cpp">
      <Filter>Source Files\hooks</Filter>
    </ClCompile>
    <ClCompile Include="hooks.cpp">
      <Filter>Source Files\hooks</Filter>
    </ClCompile>
    <ClCompile Include="drawing.cpp">
      <Filter>Source Files\utils</Filter>
    </ClCompile>
    <ClCompile Include="createmove.cpp">
      <Filter>Source Files\hooks</Filter>
    </ClCompile>
    <ClCompile Include="c_weapon.cpp">
      <Filter>SDK</Filter>
    </ClCompile>
    <ClCompile Include="vector.cpp">
      <Filter>SDK</Filter>
    </ClCompile>
    <ClCompile Include="NetvarManager.cpp">
      <Filter>Source Files</Filter>
    </ClCompile>
    <ClCompile Include="tramphook.cpp">
      <Filter>Source Files\utils</Filter>
    </ClCompile>
    <ClCompile Include="c_enginevgui.cpp">
      <Filter>SDK</Filter>
    </ClCompile>
  </ItemGroup>
  <ItemGroup>
    <ClInclude Include="Interfaces.h">
      <Filter>Header Files</Filter>
    </ClInclude>
    <ClInclude Include="chlclient.h">
      <Filter>SDK</Filter>
    </ClInclude>
    <ClInclude Include="ibaseclientdll.h">
      <Filter>SDK</Filter>
    </ClInclude>
    <ClInclude Include="icliententitylist.h">
      <Filter>SDK</Filter>
    </ClInclude>
    <ClInclude Include="ivdebugoverlay.h">
      <Filter>SDK</Filter>
    </ClInclude>
    <ClInclude Include="vector.h">
      <Filter>SDK</Filter>
    </ClInclude>
    <ClInclude Include="color.h">
      <Filter>SDK</Filter>
    </ClInclude>
    <ClInclude Include="qangle.h">
      <Filter>SDK</Filter>
    </ClInclude>
    <ClInclude Include="clientmodeshared.h">
      <Filter>SDK</Filter>
    </ClInclude>
    <ClInclude Include="iluashared.h">
      <Filter>SDK</Filter>
    </ClInclude>
    <ClInclude Include="createmove.h">
      <Filter>Header Files\hooks</Filter>
    </ClInclude>
    <ClInclude Include="hooks.h">
      <Filter>Header Files\hooks</Filter>
    </ClInclude>
    <ClInclude Include="cusercmd.h">
      <Filter>SDK</Filter>
    </ClInclude>
    <ClInclude Include="ienginetool.h">
      <Filter>SDK</Filter>
    </ClInclude>
    <ClInclude Include="ibaseinterface.h">
      <Filter>SDK</Filter>
    </ClInclude>
    <ClInclude Include="iclientnetworkable.h">
      <Filter>SDK</Filter>
    </ClInclude>
    <ClInclude Include="c_gmod_player.h">
      <Filter>SDK</Filter>
    </ClInclude>
    <ClInclude Include="clientclass.h">
      <Filter>SDK</Filter>
    </ClInclude>
    <ClInclude Include="cstudiohdr.h">
      <Filter>SDK</Filter>
    </ClInclude>
    <ClInclude Include="cviewsetup.h">
      <Filter>SDK</Filter>
    </ClInclude>
    <ClInclude Include="datamap.h">
      <Filter>SDK</Filter>
    </ClInclude>
    <ClInclude Include="ivengineclient.h">
      <Filter>SDK</Filter>
    </ClInclude>
    <ClInclude Include="vmatrix.h">
      <Filter>SDK</Filter>
    </ClInclude>
    <ClInclude Include="studio.h">
      <Filter>SDK</Filter>
    </ClInclude>
    <ClInclude Include="c_playerresource.h">
      <Filter>SDK</Filter>
    </ClInclude>
    <ClInclude Include="endscene.h">
      <Filter>Header Files\hooks</Filter>
    </ClInclude>
    <ClInclude Include="ImGui\imconfig.h">
      <Filter>ImGui</Filter>
    </ClInclude>
    <ClInclude Include="ImGui\imgui.h">
      <Filter>ImGui</Filter>
    </ClInclude>
    <ClInclude Include="ImGui\imgui_impl_dx9.h">
      <Filter>ImGui</Filter>
    </ClInclude>
    <ClInclude Include="ImGui\imgui_impl_win32.h">
      <Filter>ImGui</Filter>
    </ClInclude>
    <ClInclude Include="ImGui\imgui_internal.h">
      <Filter>ImGui</Filter>
    </ClInclude>
    <ClInclude Include="ImGui\imstb_rectpack.h">
      <Filter>ImGui</Filter>
    </ClInclude>
    <ClInclude Include="ImGui\imstb_textedit.h">
      <Filter>ImGui</Filter>
    </ClInclude>
    <ClInclude Include="ImGui\imstb_truetype.h">
      <Filter>ImGui</Filter>
    </ClInclude>
    <ClInclude Include="c_baseentity.h">
      <Filter>SDK</Filter>
    </ClInclude>
    <ClInclude Include="c_weapon.h">
      <Filter>SDK</Filter>
    </ClInclude>
    <ClInclude Include="basetypes.h">
      <Filter>SDK</Filter>
    </ClInclude>
    <ClInclude Include="iappsystem.h">
      <Filter>SDK</Filter>
    </ClInclude>
    <ClInclude Include="drawing.h">
      <Filter>Header Files\utils</Filter>
    </ClInclude>
    <ClInclude Include="cluaobject.h">
      <Filter>SDK</Filter>
    </ClInclude>
    <ClInclude Include="sigscan.h">
      <Filter>Header Files\utils</Filter>
    </ClInclude>
    <ClInclude Include="globals.h">
      <Filter>SDK</Filter>
    </ClInclude>
    <ClInclude Include="icolorcorrection.h">
      <Filter>SDK</Filter>
    </ClInclude>
    <ClInclude Include="imaterial.h">
      <Filter>SDK</Filter>
    </ClInclude>
    <ClInclude Include="imaterialsystem.h">
      <Filter>SDK</Filter>
    </ClInclude>
    <ClInclude Include="vmthook.h">
      <Filter>Header Files\utils</Filter>
    </ClInclude>
    <ClInclude Include="imageformat.h">
      <Filter>SDK</Filter>
    </ClInclude>
    <ClInclude Include="debug.h">
      <Filter>Header Files\utils</Filter>
    </ClInclude>
    <ClInclude Include="NetvarManager.h">
      <Filter>Header Files</Filter>
    </ClInclude>
    <ClInclude Include="tramphook.h">
      <Filter>Header Files\utils</Filter>
    </ClInclude>
    <ClInclude Include="asm_resolver.h">
      <Filter>Header Files\utils</Filter>
    </ClInclude>
    <ClInclude Include="c_enginevgui.h">
      <Filter>SDK</Filter>
    </ClInclude>
  </ItemGroup>
</Project>